
Microsoft Visual Studio Solution File, Format Version 12.00
# Visual Studio 15
VisualStudioVersion = 15.0.28307.572
MinimumVisualStudioVersion = 10.0.40219.1
Project("{2150E333-8FDC-42A3-9474-1A3956D46DE8}") = "3 - Domain", "3 - Domain", "{2F632AA5-6BBE-41F3-808C-AB4EE8AAFA39}"
EndProject
Project("{2150E333-8FDC-42A3-9474-1A3956D46DE8}") = "9 - EF", "9 - EF", "{DB4E93A4-6A55-4401-AC5C-4F9255637AD3}"
EndProject
Project("{FAE04EC0-301F-11D3-BF4B-00C04F79EFBC}") = "Red.Domain", "Red.Domain\Red.Domain.csproj", "{7D842FAE-6B2E-4CF3-B145-050050EC88FB}"
EndProject
Project("{FAE04EC0-301F-11D3-BF4B-00C04F79EFBC}") = "Red.EF", "Red.EF\Red.EF.csproj", "{E9A385C5-6AB1-4B43-9620-445D3A6771F3}"
EndProject
Project("{2150E333-8FDC-42A3-9474-1A3956D46DE8}") = "5 - Repository", "5 - Repository", "{8CA00019-7A3F-4369-ABCF-C8F746A250AE}"
EndProject
Project("{FAE04EC0-301F-11D3-BF4B-00C04F79EFBC}") = "Red.Repository", "Red.Repository\Red.Repository.csproj", "{E8950ABE-B5C9-4DFD-9608-06DD65C8615A}"
EndProject
Global
	GlobalSection(SolutionConfigurationPlatforms) = preSolution
		Debug|Any CPU = Debug|Any CPU
		Release|Any CPU = Release|Any CPU
	EndGlobalSection
	GlobalSection(ProjectConfigurationPlatforms) = postSolution
		{7D842FAE-6B2E-4CF3-B145-050050EC88FB}.Debug|Any CPU.ActiveCfg = Debug|Any CPU
		{7D842FAE-6B2E-4CF3-B145-050050EC88FB}.Debug|Any CPU.Build.0 = Debug|Any CPU
		{7D842FAE-6B2E-4CF3-B145-050050EC88FB}.Release|Any CPU.ActiveCfg = Release|Any CPU
		{7D842FAE-6B2E-4CF3-B145-050050EC88FB}.Release|Any CPU.Build.0 = Release|Any CPU
		{E9A385C5-6AB1-4B43-9620-445D3A6771F3}.Debug|Any CPU.ActiveCfg = Debug|Any CPU
		{E9A385C5-6AB1-4B43-9620-445D3A6771F3}.Debug|Any CPU.Build.0 = Debug|Any CPU
		{E9A385C5-6AB1-4B43-9620-445D3A6771F3}.Release|Any CPU.ActiveCfg = Release|Any CPU
		{E9A385C5-6AB1-4B43-9620-445D3A6771F3}.Release|Any CPU.Build.0 = Release|Any CPU
		{E8950ABE-B5C9-4DFD-9608-06DD65C8615A}.Debug|Any CPU.ActiveCfg = Debug|Any CPU
		{E8950ABE-B5C9-4DFD-9608-06DD65C8615A}.Debug|Any CPU.Build.0 = Debug|Any CPU
		{E8950ABE-B5C9-4DFD-9608-06DD65C8615A}.Release|Any CPU.ActiveCfg = Release|Any CPU
		{E8950ABE-B5C9-4DFD-9608-06DD65C8615A}.Release|Any CPU.Build.0 = Release|Any CPU
	EndGlobalSection
	GlobalSection(SolutionProperties) = preSolution
		HideSolutionNode = FALSE
	EndGlobalSection
	GlobalSection(NestedProjects) = preSolution
		{7D842FAE-6B2E-4CF3-B145-050050EC88FB} = {2F632AA5-6BBE-41F3-808C-AB4EE8AAFA39}
		{E9A385C5-6AB1-4B43-9620-445D3A6771F3} = {DB4E93A4-6A55-4401-AC5C-4F9255637AD3}
		{E8950ABE-B5C9-4DFD-9608-06DD65C8615A} = {8CA00019-7A3F-4369-ABCF-C8F746A250AE}
	EndGlobalSection
	GlobalSection(ExtensibilityGlobals) = postSolution
		SolutionGuid = {80AFF034-AF42-4E48-9DCA-8FB1979B801A}
	EndGlobalSection
EndGlobal
