
Microsoft Visual Studio Solution File, Format Version 12.00
# Visual Studio 15
VisualStudioVersion = 15.0.28307.572
MinimumVisualStudioVersion = 10.0.40219.1
Project("{2150E333-8FDC-42A3-9474-1A3956D46DE8}") = "3 - Domain", "3 - Domain", "{2F632AA5-6BBE-41F3-808C-AB4EE8AAFA39}"
EndProject
Project("{2150E333-8FDC-42A3-9474-1A3956D46DE8}") = "9 - EF", "9 - EF", "{DB4E93A4-6A55-4401-AC5C-4F9255637AD3}"
EndProject
Project("{FAE04EC0-301F-11D3-BF4B-00C04F79EFBC}") = "Red.Domain", "Red.Domain\Red.Domain.csproj", "{7D842FAE-6B2E-4CF3-B145-050050EC88FB}"
EndProject
Project("{FAE04EC0-301F-11D3-BF4B-00C04F79EFBC}") = "Red.EF", "Red.EF\Red.EF.csproj", "{E9A385C5-6AB1-4B43-9620-445D3A6771F3}"
EndProject
Project("{2150E333-8FDC-42A3-9474-1A3956D46DE8}") = "5 - Repository", "5 - Repository", "{8CA00019-7A3F-4369-ABCF-C8F746A250AE}"
EndProject
Project("{FAE04EC0-301F-11D3-BF4B-00C04F79EFBC}") = "Red.Repository", "Red.Repository\Red.Repository.csproj", "{E8950ABE-B5C9-4DFD-9608-06DD65C8615A}"
EndProject
Project("{2150E333-8FDC-42A3-9474-1A3956D46DE8}") = "4 - Services", "4 - Services", "{8F7890A7-5359-4B29-9694-2C68F94DFF33}"
EndProject
Project("{FAE04EC0-301F-11D3-BF4B-00C04F79EFBC}") = "Red.Services", "Red.Services\Red.Services.csproj", "{78BE0F56-94A9-4693-8A0F-E4CEE2999E2A}"
EndProject
Project("{2150E333-8FDC-42A3-9474-1A3956D46DE8}") = "7 - Infra Externa", "7 - Infra Externa", "{A0C051F8-8908-4842-B0A9-28200F75F0B5}"
EndProject
Project("{FAE04EC0-301F-11D3-BF4B-00C04F79EFBC}") = "French.Tools.DomainValidator", "..\..\French-Tools\French.Tools.DomainValidator\French.Tools.DomainValidator.csproj", "{66B30B03-5766-40B8-B7B3-50B61AA8AC0E}"
EndProject
Project("{FAE04EC0-301F-11D3-BF4B-00C04F79EFBC}") = "French.Tools.Extensions", "..\..\French-Tools\French.Tools.Extensions\French.Tools.Extensions.csproj", "{2474F39F-CFBF-430F-9C4D-E898C6A96486}"
EndProject
Project("{FAE04EC0-301F-11D3-BF4B-00C04F79EFBC}") = "French.Tools.Library", "..\..\French-Tools\French.Tools.Library\French.Tools.Library.csproj", "{BDD9CFB7-0A84-4AF1-AE80-91EB661706A2}"
EndProject
Project("{2150E333-8FDC-42A3-9474-1A3956D46DE8}") = "2 - Application", "2 - Application", "{DA14E4AB-1C4C-4BA1-B29C-A8FC3ED20FE0}"
EndProject
Project("{2150E333-8FDC-42A3-9474-1A3956D46DE8}") = "6 - Infra", "6 - Infra", "{15C86018-5DAD-44AB-ACB3-8F6777CBD791}"
EndProject
Project("{FAE04EC0-301F-11D3-BF4B-00C04F79EFBC}") = "Red.Ioc", "Red.Ioc\Red.Ioc.csproj", "{C479F380-7F60-441B-BFAF-8B99AF19CC9E}"
EndProject
Project("{FAE04EC0-301F-11D3-BF4B-00C04F79EFBC}") = "Red.Application", "Red.Application\Red.Application.csproj", "{9BCF699F-3146-462A-AF7D-7DC8EE4C321F}"
EndProject
Global
	GlobalSection(SolutionConfigurationPlatforms) = preSolution
		Debug|Any CPU = Debug|Any CPU
		Release|Any CPU = Release|Any CPU
	EndGlobalSection
	GlobalSection(ProjectConfigurationPlatforms) = postSolution
		{7D842FAE-6B2E-4CF3-B145-050050EC88FB}.Debug|Any CPU.ActiveCfg = Debug|Any CPU
		{7D842FAE-6B2E-4CF3-B145-050050EC88FB}.Debug|Any CPU.Build.0 = Debug|Any CPU
		{7D842FAE-6B2E-4CF3-B145-050050EC88FB}.Release|Any CPU.ActiveCfg = Release|Any CPU
		{7D842FAE-6B2E-4CF3-B145-050050EC88FB}.Release|Any CPU.Build.0 = Release|Any CPU
		{E9A385C5-6AB1-4B43-9620-445D3A6771F3}.Debug|Any CPU.ActiveCfg = Debug|Any CPU
		{E9A385C5-6AB1-4B43-9620-445D3A6771F3}.Debug|Any CPU.Build.0 = Debug|Any CPU
		{E9A385C5-6AB1-4B43-9620-445D3A6771F3}.Release|Any CPU.ActiveCfg = Release|Any CPU
		{E9A385C5-6AB1-4B43-9620-445D3A6771F3}.Release|Any CPU.Build.0 = Release|Any CPU
		{E8950ABE-B5C9-4DFD-9608-06DD65C8615A}.Debug|Any CPU.ActiveCfg = Debug|Any CPU
		{E8950ABE-B5C9-4DFD-9608-06DD65C8615A}.Debug|Any CPU.Build.0 = Debug|Any CPU
		{E8950ABE-B5C9-4DFD-9608-06DD65C8615A}.Release|Any CPU.ActiveCfg = Release|Any CPU
		{E8950ABE-B5C9-4DFD-9608-06DD65C8615A}.Release|Any CPU.Build.0 = Release|Any CPU
		{78BE0F56-94A9-4693-8A0F-E4CEE2999E2A}.Debug|Any CPU.ActiveCfg = Debug|Any CPU
		{78BE0F56-94A9-4693-8A0F-E4CEE2999E2A}.Debug|Any CPU.Build.0 = Debug|Any CPU
		{78BE0F56-94A9-4693-8A0F-E4CEE2999E2A}.Release|Any CPU.ActiveCfg = Release|Any CPU
		{78BE0F56-94A9-4693-8A0F-E4CEE2999E2A}.Release|Any CPU.Build.0 = Release|Any CPU
		{66B30B03-5766-40B8-B7B3-50B61AA8AC0E}.Debug|Any CPU.ActiveCfg = Debug|Any CPU
		{66B30B03-5766-40B8-B7B3-50B61AA8AC0E}.Debug|Any CPU.Build.0 = Debug|Any CPU
		{66B30B03-5766-40B8-B7B3-50B61AA8AC0E}.Release|Any CPU.ActiveCfg = Release|Any CPU
		{66B30B03-5766-40B8-B7B3-50B61AA8AC0E}.Release|Any CPU.Build.0 = Release|Any CPU
		{2474F39F-CFBF-430F-9C4D-E898C6A96486}.Debug|Any CPU.ActiveCfg = Debug|Any CPU
		{2474F39F-CFBF-430F-9C4D-E898C6A96486}.Debug|Any CPU.Build.0 = Debug|Any CPU
		{2474F39F-CFBF-430F-9C4D-E898C6A96486}.Release|Any CPU.ActiveCfg = Release|Any CPU
		{2474F39F-CFBF-430F-9C4D-E898C6A96486}.Release|Any CPU.Build.0 = Release|Any CPU
		{BDD9CFB7-0A84-4AF1-AE80-91EB661706A2}.Debug|Any CPU.ActiveCfg = Debug|Any CPU
		{BDD9CFB7-0A84-4AF1-AE80-91EB661706A2}.Debug|Any CPU.Build.0 = Debug|Any CPU
		{BDD9CFB7-0A84-4AF1-AE80-91EB661706A2}.Release|Any CPU.ActiveCfg = Release|Any CPU
		{BDD9CFB7-0A84-4AF1-AE80-91EB661706A2}.Release|Any CPU.Build.0 = Release|Any CPU
		{C479F380-7F60-441B-BFAF-8B99AF19CC9E}.Debug|Any CPU.ActiveCfg = Debug|Any CPU
		{C479F380-7F60-441B-BFAF-8B99AF19CC9E}.Debug|Any CPU.Build.0 = Debug|Any CPU
		{C479F380-7F60-441B-BFAF-8B99AF19CC9E}.Release|Any CPU.ActiveCfg = Release|Any CPU
		{C479F380-7F60-441B-BFAF-8B99AF19CC9E}.Release|Any CPU.Build.0 = Release|Any CPU
		{9BCF699F-3146-462A-AF7D-7DC8EE4C321F}.Debug|Any CPU.ActiveCfg = Debug|Any CPU
		{9BCF699F-3146-462A-AF7D-7DC8EE4C321F}.Debug|Any CPU.Build.0 = Debug|Any CPU
		{9BCF699F-3146-462A-AF7D-7DC8EE4C321F}.Release|Any CPU.ActiveCfg = Release|Any CPU
		{9BCF699F-3146-462A-AF7D-7DC8EE4C321F}.Release|Any CPU.Build.0 = Release|Any CPU
	EndGlobalSection
	GlobalSection(SolutionProperties) = preSolution
		HideSolutionNode = FALSE
	EndGlobalSection
	GlobalSection(NestedProjects) = preSolution
		{7D842FAE-6B2E-4CF3-B145-050050EC88FB} = {2F632AA5-6BBE-41F3-808C-AB4EE8AAFA39}
		{E9A385C5-6AB1-4B43-9620-445D3A6771F3} = {DB4E93A4-6A55-4401-AC5C-4F9255637AD3}
		{E8950ABE-B5C9-4DFD-9608-06DD65C8615A} = {8CA00019-7A3F-4369-ABCF-C8F746A250AE}
		{78BE0F56-94A9-4693-8A0F-E4CEE2999E2A} = {8F7890A7-5359-4B29-9694-2C68F94DFF33}
		{66B30B03-5766-40B8-B7B3-50B61AA8AC0E} = {A0C051F8-8908-4842-B0A9-28200F75F0B5}
		{2474F39F-CFBF-430F-9C4D-E898C6A96486} = {A0C051F8-8908-4842-B0A9-28200F75F0B5}
		{BDD9CFB7-0A84-4AF1-AE80-91EB661706A2} = {A0C051F8-8908-4842-B0A9-28200F75F0B5}
		{C479F380-7F60-441B-BFAF-8B99AF19CC9E} = {15C86018-5DAD-44AB-ACB3-8F6777CBD791}
		{9BCF699F-3146-462A-AF7D-7DC8EE4C321F} = {DA14E4AB-1C4C-4BA1-B29C-A8FC3ED20FE0}
	EndGlobalSection
	GlobalSection(ExtensibilityGlobals) = postSolution
		SolutionGuid = {80AFF034-AF42-4E48-9DCA-8FB1979B801A}
	EndGlobalSection
EndGlobal
